
Microsoft Visual Studio Solution File, Format Version 12.00
# Visual Studio Version 17
VisualStudioVersion = 17.0.32112.339
MinimumVisualStudioVersion = 10.0.40219.1
Project("{FAE04EC0-301F-11D3-BF4B-00C04F79EFBC}") = "ConsoleUI", "ConsoleUI\ConsoleUI.csproj", "{ED537DC3-6C96-4392-A34C-71F00ABCB148}"
EndProject
Global
	GlobalSection(SolutionConfigurationPlatforms) = preSolution
		Debug|Any CPU = Debug|Any CPU
		Release|Any CPU = Release|Any CPU
	EndGlobalSection
	GlobalSection(ProjectConfigurationPlatforms) = postSolution
		{ED537DC3-6C96-4392-A34C-71F00ABCB148}.Debug|Any CPU.ActiveCfg = Debug|Any CPU
		{ED537DC3-6C96-4392-A34C-71F00ABCB148}.Debug|Any CPU.Build.0 = Debug|Any CPU
		{ED537DC3-6C96-4392-A34C-71F00ABCB148}.Release|Any CPU.ActiveCfg = Release|Any CPU
		{ED537DC3-6C96-4392-A34C-71F00ABCB148}.Release|Any CPU.Build.0 = Release|Any CPU
	EndGlobalSection
	GlobalSection(SolutionProperties) = preSolution
		HideSolutionNode = FALSE
	EndGlobalSection
	GlobalSection(ExtensibilityGlobals) = postSolution
		SolutionGuid = {099ABF58-F7A9-428B-9C11-CAB2EC91D59B}
	EndGlobalSection
EndGlobal
